
Microsoft Visual Studio Solution File, Format Version 12.00
# Visual Studio Version 16
VisualStudioVersion = 16.0.29215.179
MinimumVisualStudioVersion = 10.0.40219.1
Project("{FAE04EC0-301F-11D3-BF4B-00C04F79EFBC}") = "Laba2", "Laba2\Laba2.csproj", "{74175A8A-1FF3-4D0B-9949-A1D231392BC0}"
EndProject
Global
	GlobalSection(SolutionConfigurationPlatforms) = preSolution
		Debug|Any CPU = Debug|Any CPU
		Release|Any CPU = Release|Any CPU
	EndGlobalSection
	GlobalSection(ProjectConfigurationPlatforms) = postSolution
		{74175A8A-1FF3-4D0B-9949-A1D231392BC0}.Debug|Any CPU.ActiveCfg = Debug|Any CPU
		{74175A8A-1FF3-4D0B-9949-A1D231392BC0}.Debug|Any CPU.Build.0 = Debug|Any CPU
		{74175A8A-1FF3-4D0B-9949-A1D231392BC0}.Release|Any CPU.ActiveCfg = Release|Any CPU
		{74175A8A-1FF3-4D0B-9949-A1D231392BC0}.Release|Any CPU.Build.0 = Release|Any CPU
	EndGlobalSection
	GlobalSection(SolutionProperties) = preSolution
		HideSolutionNode = FALSE
	EndGlobalSection
	GlobalSection(ExtensibilityGlobals) = postSolution
		SolutionGuid = {4998BF30-02BF-4655-A1FC-5A080FE27E70}
	EndGlobalSection
EndGlobal
