
Microsoft Visual Studio Solution File, Format Version 12.00
# Visual Studio Version 16
VisualStudioVersion = 16.0.29215.179
MinimumVisualStudioVersion = 10.0.40219.1
Project("{FAE04EC0-301F-11D3-BF4B-00C04F79EFBC}") = "WhoIS", "WhoIS\WhoIS.csproj", "{686AB61A-A1A5-44D1-863E-04F6D3E67464}"
EndProject
Global
	GlobalSection(SolutionConfigurationPlatforms) = preSolution
		Debug|Any CPU = Debug|Any CPU
		Release|Any CPU = Release|Any CPU
	EndGlobalSection
	GlobalSection(ProjectConfigurationPlatforms) = postSolution
		{686AB61A-A1A5-44D1-863E-04F6D3E67464}.Debug|Any CPU.ActiveCfg = Debug|Any CPU
		{686AB61A-A1A5-44D1-863E-04F6D3E67464}.Debug|Any CPU.Build.0 = Debug|Any CPU
		{686AB61A-A1A5-44D1-863E-04F6D3E67464}.Release|Any CPU.ActiveCfg = Release|Any CPU
		{686AB61A-A1A5-44D1-863E-04F6D3E67464}.Release|Any CPU.Build.0 = Release|Any CPU
	EndGlobalSection
	GlobalSection(SolutionProperties) = preSolution
		HideSolutionNode = FALSE
	EndGlobalSection
	GlobalSection(ExtensibilityGlobals) = postSolution
		SolutionGuid = {9A1C2C53-0B5D-40A6-B9E2-46CA95C3619B}
	EndGlobalSection
EndGlobal
